// !$*UTF8*$!
{
	archiveVersion = 1;
	classes = {
	};
	objectVersion = 46;
	objects = {

/* Begin PBXBuildFile section */
		584265EB1E3FBA19006E010E /* main.m in Sources */ = {isa = PBXBuildFile; fileRef = 584265EA1E3FBA19006E010E /* main.m */; };
		584265EE1E3FBA19006E010E /* AppDelegate.m in Sources */ = {isa = PBXBuildFile; fileRef = 584265ED1E3FBA19006E010E /* AppDelegate.m */; };
		584265F41E3FBA19006E010E /* Main.storyboard in Resources */ = {isa = PBXBuildFile; fileRef = 584265F21E3FBA19006E010E /* Main.storyboard */; };
		584265F61E3FBA19006E010E /* Assets.xcassets in Resources */ = {isa = PBXBuildFile; fileRef = 584265F51E3FBA19006E010E /* Assets.xcassets */; };
		584265F91E3FBA19006E010E /* LaunchScreen.storyboard in Resources */ = {isa = PBXBuildFile; fileRef = 584265F71E3FBA19006E010E /* LaunchScreen.storyboard */; };
		584266031E3FBADA006E010E /* TwitterListViewController.m in Sources */ = {isa = PBXBuildFile; fileRef = 584266011E3FBADA006E010E /* TwitterListViewController.m */; };
		584266041E3FBADA006E010E /* TwitterListViewController.xib in Resources */ = {isa = PBXBuildFile; fileRef = 584266021E3FBADA006E010E /* TwitterListViewController.xib */; };
		584266081E3FC831006E010E /* TwitterTableViewCell.m in Sources */ = {isa = PBXBuildFile; fileRef = 584266061E3FC831006E010E /* TwitterTableViewCell.m */; };
		584266091E3FC831006E010E /* TwitterTableViewCell.xib in Resources */ = {isa = PBXBuildFile; fileRef = 584266071E3FC831006E010E /* TwitterTableViewCell.xib */; };
		584266121E3FF6A7006E010E /* LoginViewController.m in Sources */ = {isa = PBXBuildFile; fileRef = 584266101E3FF6A7006E010E /* LoginViewController.m */; };
		584266131E3FF6A7006E010E /* LoginViewController.xib in Resources */ = {isa = PBXBuildFile; fileRef = 584266111E3FF6A7006E010E /* LoginViewController.xib */; };
		584266161E3FF7D4006E010E /* TwitterClient.m in Sources */ = {isa = PBXBuildFile; fileRef = 584266151E3FF7D4006E010E /* TwitterClient.m */; };
		5842661A1E40063A006E010E /* Tweet.m in Sources */ = {isa = PBXBuildFile; fileRef = 584266191E40063A006E010E /* Tweet.m */; };
		5842661D1E400645006E010E /* User.m in Sources */ = {isa = PBXBuildFile; fileRef = 5842661C1E400645006E010E /* User.m */; };
		584266341E42A98A006E010E /* DetailViewController.m in Sources */ = {isa = PBXBuildFile; fileRef = 584266321E42A98A006E010E /* DetailViewController.m */; };
		584266351E42A98A006E010E /* DetailViewController.xib in Resources */ = {isa = PBXBuildFile; fileRef = 584266331E42A98A006E010E /* DetailViewController.xib */; };
		584266381E42BBBE006E010E /* NavigationManager.m in Sources */ = {isa = PBXBuildFile; fileRef = 584266371E42BBBE006E010E /* NavigationManager.m */; };
		58E1C7D51E42F1600069CC71 /* ProfileViewController.m in Sources */ = {isa = PBXBuildFile; fileRef = 58E1C7D31E42F1600069CC71 /* ProfileViewController.m */; };
		58E1C7D61E42F1600069CC71 /* ProfileViewController.xib in Resources */ = {isa = PBXBuildFile; fileRef = 58E1C7D41E42F1600069CC71 /* ProfileViewController.xib */; };
		58E1C7DA1E42F1C10069CC71 /* ComposeViewController.m in Sources */ = {isa = PBXBuildFile; fileRef = 58E1C7D81E42F1C10069CC71 /* ComposeViewController.m */; };
		58E1C7DB1E42F1C10069CC71 /* ComposeViewController.xib in Resources */ = {isa = PBXBuildFile; fileRef = 58E1C7D91E42F1C10069CC71 /* ComposeViewController.xib */; };
		58E1C86D1E43C1180069CC71 /* iconmonstr-location-1-32.png in Resources */ = {isa = PBXBuildFile; fileRef = 58E1C86C1E43C1180069CC71 /* iconmonstr-location-1-32.png */; };
		58E1C86F1E43C1FA0069CC71 /* iconmonstr-location-1-24.png in Resources */ = {isa = PBXBuildFile; fileRef = 58E1C86E1E43C1FA0069CC71 /* iconmonstr-location-1-24.png */; };
		58E1C8B81E465FD70069CC71 /* moment-icon@3x.png in Resources */ = {isa = PBXBuildFile; fileRef = 58E1C8701E465FD70069CC71 /* moment-icon@3x.png */; };
		58E1C8B91E465FD70069CC71 /* account-icon.png in Resources */ = {isa = PBXBuildFile; fileRef = 58E1C8711E465FD70069CC71 /* account-icon.png */; };
		58E1C8BA1E465FD70069CC71 /* account-icon@2x.png in Resources */ = {isa = PBXBuildFile; fileRef = 58E1C8721E465FD70069CC71 /* account-icon@2x.png */; };
		58E1C8BB1E465FD70069CC71 /* account-icon@3x.png in Resources */ = {isa = PBXBuildFile; fileRef = 58E1C8731E465FD70069CC71 /* account-icon@3x.png */; };
		58E1C8BC1E465FD70069CC71 /* addfriend-icon.png in Resources */ = {isa = PBXBuildFile; fileRef = 58E1C8741E465FD70069CC71 /* addfriend-icon.png */; };
		58E1C8BD1E465FD70069CC71 /* addfriend-icon@2x.png in Resources */ = {isa = PBXBuildFile; fileRef = 58E1C8751E465FD70069CC71 /* addfriend-icon@2x.png */; };
		58E1C8BE1E465FD70069CC71 /* addfriend-icon@3x.png in Resources */ = {isa = PBXBuildFile; fileRef = 58E1C8761E465FD70069CC71 /* addfriend-icon@3x.png */; };
		58E1C8BF1E465FD70069CC71 /* back-icon-white.png in Resources */ = {isa = PBXBuildFile; fileRef = 58E1C8771E465FD70069CC71 /* back-icon-white.png */; };
		58E1C8C01E465FD70069CC71 /* back-icon-white@2x.png in Resources */ = {isa = PBXBuildFile; fileRef = 58E1C8781E465FD70069CC71 /* back-icon-white@2x.png */; };
		58E1C8C11E465FD70069CC71 /* back-icon-white@3x.png in Resources */ = {isa = PBXBuildFile; fileRef = 58E1C8791E465FD70069CC71 /* back-icon-white@3x.png */; };
		58E1C8C21E465FD70069CC71 /* back-icon.png in Resources */ = {isa = PBXBuildFile; fileRef = 58E1C87A1E465FD70069CC71 /* back-icon.png */; };
		58E1C8C31E465FD70069CC71 /* back-icon@2x.png in Resources */ = {isa = PBXBuildFile; fileRef = 58E1C87B1E465FD70069CC71 /* back-icon@2x.png */; };
		58E1C8C41E465FD70069CC71 /* back-icon@3x.png in Resources */ = {isa = PBXBuildFile; fileRef = 58E1C87C1E465FD70069CC71 /* back-icon@3x.png */; };
		58E1C8C51E465FD70069CC71 /* camera-icon.png in Resources */ = {isa = PBXBuildFile; fileRef = 58E1C87D1E465FD70069CC71 /* camera-icon.png */; };
		58E1C8C61E465FD70069CC71 /* camera-icon@2x.png in Resources */ = {isa = PBXBuildFile; fileRef = 58E1C87E1E465FD70069CC71 /* camera-icon@2x.png */; };
		58E1C8C71E465FD70069CC71 /* camera-icon@3x.png in Resources */ = {isa = PBXBuildFile; fileRef = 58E1C87F1E465FD70069CC71 /* camera-icon@3x.png */; };
		58E1C8C81E465FD70069CC71 /* close-icon.png in Resources */ = {isa = PBXBuildFile; fileRef = 58E1C8801E465FD70069CC71 /* close-icon.png */; };
		58E1C8C91E465FD70069CC71 /* close-icon@2x.png in Resources */ = {isa = PBXBuildFile; fileRef = 58E1C8811E465FD70069CC71 /* close-icon@2x.png */; };
		58E1C8CA1E465FD70069CC71 /* close-icon@3x.png in Resources */ = {isa = PBXBuildFile; fileRef = 58E1C8821E465FD70069CC71 /* close-icon@3x.png */; };
		58E1C8CB1E465FD70069CC71 /* edit-icon.png in Resources */ = {isa = PBXBuildFile; fileRef = 58E1C8831E465FD70069CC71 /* edit-icon.png */; };
		58E1C8CC1E465FD70069CC71 /* edit-icon@2x.png in Resources */ = {isa = PBXBuildFile; fileRef = 58E1C8841E465FD70069CC71 /* edit-icon@2x.png */; };
		58E1C8CD1E465FD70069CC71 /* edit-icon@3x.png in Resources */ = {isa = PBXBuildFile; fileRef = 58E1C8851E465FD70069CC71 /* edit-icon@3x.png */; };
		58E1C8CE1E465FD70069CC71 /* favor-icon-red.png in Resources */ = {isa = PBXBuildFile; fileRef = 58E1C8861E465FD70069CC71 /* favor-icon-red.png */; };
		58E1C8CF1E465FD70069CC71 /* favor-icon-red@2x.png in Resources */ = {isa = PBXBuildFile; fileRef = 58E1C8871E465FD70069CC71 /* favor-icon-red@2x.png */; };
		58E1C8D01E465FD70069CC71 /* favor-icon-red@3x.png in Resources */ = {isa = PBXBuildFile; fileRef = 58E1C8881E465FD70069CC71 /* favor-icon-red@3x.png */; };
		58E1C8D11E465FD70069CC71 /* favor-icon.png in Resources */ = {isa = PBXBuildFile; fileRef = 58E1C8891E465FD70069CC71 /* favor-icon.png */; };
		58E1C8D21E465FD70069CC71 /* favor-icon@2x.png in Resources */ = {isa = PBXBuildFile; fileRef = 58E1C88A1E465FD70069CC71 /* favor-icon@2x.png */; };
		58E1C8D31E465FD70069CC71 /* favor-icon@3x.png in Resources */ = {isa = PBXBuildFile; fileRef = 58E1C88B1E465FD70069CC71 /* favor-icon@3x.png */; };
		58E1C8D41E465FD70069CC71 /* gif-icon.png in Resources */ = {isa = PBXBuildFile; fileRef = 58E1C88C1E465FD70069CC71 /* gif-icon.png */; };
		58E1C8D51E465FD70069CC71 /* gif-icon@2x.png in Resources */ = {isa = PBXBuildFile; fileRef = 58E1C88D1E465FD70069CC71 /* gif-icon@2x.png */; };
		58E1C8D61E465FD70069CC71 /* gif-icon@3x.png in Resources */ = {isa = PBXBuildFile; fileRef = 58E1C88E1E465FD70069CC71 /* gif-icon@3x.png */; };
		58E1C8D71E465FD70069CC71 /* home-icon.png in Resources */ = {isa = PBXBuildFile; fileRef = 58E1C88F1E465FD70069CC71 /* home-icon.png */; };
		58E1C8D81E465FD70069CC71 /* home-icon@2x.png in Resources */ = {isa = PBXBuildFile; fileRef = 58E1C8901E465FD70069CC71 /* home-icon@2x.png */; };
		58E1C8D91E465FD70069CC71 /* home-icon@3x.png in Resources */ = {isa = PBXBuildFile; fileRef = 58E1C8911E465FD70069CC71 /* home-icon@3x.png */; };
		58E1C8DA1E465FD70069CC71 /* message-icon.png in Resources */ = {isa = PBXBuildFile; fileRef = 58E1C8921E465FD70069CC71 /* message-icon.png */; };
		58E1C8DB1E465FD70069CC71 /* message-icon@2x.png in Resources */ = {isa = PBXBuildFile; fileRef = 58E1C8931E465FD70069CC71 /* message-icon@2x.png */; };
		58E1C8DC1E465FD70069CC71 /* message-icon@3x.png in Resources */ = {isa = PBXBuildFile; fileRef = 58E1C8941E465FD70069CC71 /* message-icon@3x.png */; };
		58E1C8DD1E465FD70069CC71 /* moment-icon.png in Resources */ = {isa = PBXBuildFile; fileRef = 58E1C8951E465FD70069CC71 /* moment-icon.png */; };
		58E1C8DE1E465FD70069CC71 /* moment-icon@2x.png in Resources */ = {isa = PBXBuildFile; fileRef = 58E1C8961E465FD70069CC71 /* moment-icon@2x.png */; };
		58E1C8DF1E465FD70069CC71 /* notification-icon.png in Resources */ = {isa = PBXBuildFile; fileRef = 58E1C8971E465FD70069CC71 /* notification-icon.png */; };
		58E1C8E01E465FD70069CC71 /* notification-icon@2x.png in Resources */ = {isa = PBXBuildFile; fileRef = 58E1C8981E465FD70069CC71 /* notification-icon@2x.png */; };
		58E1C8E11E465FD70069CC71 /* notification-icon@3x.png in Resources */ = {isa = PBXBuildFile; fileRef = 58E1C8991E465FD70069CC71 /* notification-icon@3x.png */; };
		58E1C8E21E465FD70069CC71 /* profile-icon.png in Resources */ = {isa = PBXBuildFile; fileRef = 58E1C89A1E465FD70069CC71 /* profile-icon.png */; };
		58E1C8E31E465FD70069CC71 /* profile-icon@2x.png in Resources */ = {isa = PBXBuildFile; fileRef = 58E1C89B1E465FD70069CC71 /* profile-icon@2x.png */; };
		58E1C8E41E465FD70069CC71 /* profile-icon@3x.png in Resources */ = {isa = PBXBuildFile; fileRef = 58E1C89C1E465FD70069CC71 /* profile-icon@3x.png */; };
		58E1C8E51E465FD70069CC71 /* reply-icon.png in Resources */ = {isa = PBXBuildFile; fileRef = 58E1C89D1E465FD70069CC71 /* reply-icon.png */; };
		58E1C8E61E465FD70069CC71 /* reply-icon@2x.png in Resources */ = {isa = PBXBuildFile; fileRef = 58E1C89E1E465FD70069CC71 /* reply-icon@2x.png */; };
		58E1C8E71E465FD70069CC71 /* reply-icon@3x.png in Resources */ = {isa = PBXBuildFile; fileRef = 58E1C89F1E465FD70069CC71 /* reply-icon@3x.png */; };
		58E1C8E81E465FD70069CC71 /* retweet-icon-green.png in Resources */ = {isa = PBXBuildFile; fileRef = 58E1C8A01E465FD70069CC71 /* retweet-icon-green.png */; };
		58E1C8E91E465FD70069CC71 /* retweet-icon-green@2x.png in Resources */ = {isa = PBXBuildFile; fileRef = 58E1C8A11E465FD70069CC71 /* retweet-icon-green@2x.png */; };
		58E1C8EA1E465FD70069CC71 /* retweet-icon-green@3x.png in Resources */ = {isa = PBXBuildFile; fileRef = 58E1C8A21E465FD70069CC71 /* retweet-icon-green@3x.png */; };
		58E1C8EB1E465FD70069CC71 /* retweet-icon.png in Resources */ = {isa = PBXBuildFile; fileRef = 58E1C8A31E465FD70069CC71 /* retweet-icon.png */; };
		58E1C8EC1E465FD70069CC71 /* retweet-icon@2x.png in Resources */ = {isa = PBXBuildFile; fileRef = 58E1C8A41E465FD70069CC71 /* retweet-icon@2x.png */; };
		58E1C8ED1E465FD70069CC71 /* retweet-icon@3x.png in Resources */ = {isa = PBXBuildFile; fileRef = 58E1C8A51E465FD70069CC71 /* retweet-icon@3x.png */; };
		58E1C8EE1E465FD70069CC71 /* stat-icon.png in Resources */ = {isa = PBXBuildFile; fileRef = 58E1C8A61E465FD70069CC71 /* stat-icon.png */; };
		58E1C8EF1E465FD70069CC71 /* stat-icon@2x.png in Resources */ = {isa = PBXBuildFile; fileRef = 58E1C8A71E465FD70069CC71 /* stat-icon@2x.png */; };
		58E1C8F01E465FD70069CC71 /* stat-icon@3x.png in Resources */ = {isa = PBXBuildFile; fileRef = 58E1C8A81E465FD70069CC71 /* stat-icon@3x.png */; };
		58E1C8F11E465FD70069CC71 /* twiiter-logo-20@2x.png in Resources */ = {isa = PBXBuildFile; fileRef = 58E1C8A91E465FD70069CC71 /* twiiter-logo-20@2x.png */; };
		58E1C8F21E465FD70069CC71 /* twiiter-logo-20@3x.png in Resources */ = {isa = PBXBuildFile; fileRef = 58E1C8AA1E465FD70069CC71 /* twiiter-logo-20@3x.png */; };
		58E1C8F31E465FD70069CC71 /* twiiter-logo-29@2x.png in Resources */ = {isa = PBXBuildFile; fileRef = 58E1C8AB1E465FD70069CC71 /* twiiter-logo-29@2x.png */; };
		58E1C8F41E465FD70069CC71 /* twiiter-logo-29@3x.png in Resources */ = {isa = PBXBuildFile; fileRef = 58E1C8AC1E465FD70069CC71 /* twiiter-logo-29@3x.png */; };
		58E1C8F51E465FD70069CC71 /* twiiter-logo-40@2x.png in Resources */ = {isa = PBXBuildFile; fileRef = 58E1C8AD1E465FD70069CC71 /* twiiter-logo-40@2x.png */; };
		58E1C8F61E465FD70069CC71 /* twiiter-logo-40@3x.png in Resources */ = {isa = PBXBuildFile; fileRef = 58E1C8AE1E465FD70069CC71 /* twiiter-logo-40@3x.png */; };
		58E1C8F71E465FD70069CC71 /* twiiter-logo-60@2x.png in Resources */ = {isa = PBXBuildFile; fileRef = 58E1C8AF1E465FD70069CC71 /* twiiter-logo-60@2x.png */; };
		58E1C8F81E465FD70069CC71 /* twiiter-logo-60@3x.png in Resources */ = {isa = PBXBuildFile; fileRef = 58E1C8B01E465FD70069CC71 /* twiiter-logo-60@3x.png */; };
		58E1C8F91E465FD70069CC71 /* Twitter_Logo_Blue.png in Resources */ = {isa = PBXBuildFile; fileRef = 58E1C8B11E465FD70069CC71 /* Twitter_Logo_Blue.png */; };
		58E1C8FA1E465FD70069CC71 /* twitter-icon.png in Resources */ = {isa = PBXBuildFile; fileRef = 58E1C8B21E465FD70069CC71 /* twitter-icon.png */; };
		58E1C8FB1E465FD70069CC71 /* twitter-icon@2x.png in Resources */ = {isa = PBXBuildFile; fileRef = 58E1C8B31E465FD70069CC71 /* twitter-icon@2x.png */; };
		58E1C8FC1E465FD70069CC71 /* twitter-icon@3x.png in Resources */ = {isa = PBXBuildFile; fileRef = 58E1C8B41E465FD70069CC71 /* twitter-icon@3x.png */; };
		58E1C8FD1E465FD70069CC71 /* TwitterLogo.png in Resources */ = {isa = PBXBuildFile; fileRef = 58E1C8B51E465FD70069CC71 /* TwitterLogo.png */; };
		58E1C8FE1E465FD70069CC71 /* TwitterLogo@2x.png in Resources */ = {isa = PBXBuildFile; fileRef = 58E1C8B61E465FD70069CC71 /* TwitterLogo@2x.png */; };
		58E1C8FF1E465FD70069CC71 /* TwitterLogo@3x.png in Resources */ = {isa = PBXBuildFile; fileRef = 58E1C8B71E465FD70069CC71 /* TwitterLogo@3x.png */; };
		A509EC53194A56CBEA08CC6C /* libPods-Twitter.a in Frameworks */ = {isa = PBXBuildFile; fileRef = 0743C3F405AF823FE478C97C /* libPods-Twitter.a */; };
/* End PBXBuildFile section */

/* Begin PBXFileReference section */
		0743C3F405AF823FE478C97C /* libPods-Twitter.a */ = {isa = PBXFileReference; explicitFileType = archive.ar; includeInIndex = 0; path = "libPods-Twitter.a"; sourceTree = BUILT_PRODUCTS_DIR; };
		584265E61E3FBA19006E010E /* Twitter.app */ = {isa = PBXFileReference; explicitFileType = wrapper.application; includeInIndex = 0; path = Twitter.app; sourceTree = BUILT_PRODUCTS_DIR; };
		584265EA1E3FBA19006E010E /* main.m */ = {isa = PBXFileReference; lastKnownFileType = sourcecode.c.objc; path = main.m; sourceTree = "<group>"; };
		584265EC1E3FBA19006E010E /* AppDelegate.h */ = {isa = PBXFileReference; lastKnownFileType = sourcecode.c.h; path = AppDelegate.h; sourceTree = "<group>"; };
		584265ED1E3FBA19006E010E /* AppDelegate.m */ = {isa = PBXFileReference; lastKnownFileType = sourcecode.c.objc; path = AppDelegate.m; sourceTree = "<group>"; };
		584265F31E3FBA19006E010E /* Base */ = {isa = PBXFileReference; lastKnownFileType = file.storyboard; name = Base; path = Base.lproj/Main.storyboard; sourceTree = "<group>"; };
		584265F51E3FBA19006E010E /* Assets.xcassets */ = {isa = PBXFileReference; lastKnownFileType = folder.assetcatalog; path = Assets.xcassets; sourceTree = "<group>"; };
		584265F81E3FBA19006E010E /* Base */ = {isa = PBXFileReference; lastKnownFileType = file.storyboard; name = Base; path = Base.lproj/LaunchScreen.storyboard; sourceTree = "<group>"; };
		584265FA1E3FBA19006E010E /* Info.plist */ = {isa = PBXFileReference; lastKnownFileType = text.plist.xml; path = Info.plist; sourceTree = "<group>"; };
		584266001E3FBADA006E010E /* TwitterListViewController.h */ = {isa = PBXFileReference; fileEncoding = 4; lastKnownFileType = sourcecode.c.h; path = TwitterListViewController.h; sourceTree = "<group>"; };
		584266011E3FBADA006E010E /* TwitterListViewController.m */ = {isa = PBXFileReference; fileEncoding = 4; lastKnownFileType = sourcecode.c.objc; path = TwitterListViewController.m; sourceTree = "<group>"; };
		584266021E3FBADA006E010E /* TwitterListViewController.xib */ = {isa = PBXFileReference; fileEncoding = 4; lastKnownFileType = file.xib; path = TwitterListViewController.xib; sourceTree = "<group>"; };
		584266051E3FC831006E010E /* TwitterTableViewCell.h */ = {isa = PBXFileReference; fileEncoding = 4; lastKnownFileType = sourcecode.c.h; path = TwitterTableViewCell.h; sourceTree = "<group>"; };
		584266061E3FC831006E010E /* TwitterTableViewCell.m */ = {isa = PBXFileReference; fileEncoding = 4; lastKnownFileType = sourcecode.c.objc; path = TwitterTableViewCell.m; sourceTree = "<group>"; };
		584266071E3FC831006E010E /* TwitterTableViewCell.xib */ = {isa = PBXFileReference; fileEncoding = 4; lastKnownFileType = file.xib; path = TwitterTableViewCell.xib; sourceTree = "<group>"; };
		5842660F1E3FF6A7006E010E /* LoginViewController.h */ = {isa = PBXFileReference; fileEncoding = 4; lastKnownFileType = sourcecode.c.h; path = LoginViewController.h; sourceTree = "<group>"; };
		584266101E3FF6A7006E010E /* LoginViewController.m */ = {isa = PBXFileReference; fileEncoding = 4; lastKnownFileType = sourcecode.c.objc; path = LoginViewController.m; sourceTree = "<group>"; };
		584266111E3FF6A7006E010E /* LoginViewController.xib */ = {isa = PBXFileReference; fileEncoding = 4; lastKnownFileType = file.xib; path = LoginViewController.xib; sourceTree = "<group>"; };
		584266141E3FF7D4006E010E /* TwitterClient.h */ = {isa = PBXFileReference; fileEncoding = 4; lastKnownFileType = sourcecode.c.h; path = TwitterClient.h; sourceTree = "<group>"; };
		584266151E3FF7D4006E010E /* TwitterClient.m */ = {isa = PBXFileReference; fileEncoding = 4; lastKnownFileType = sourcecode.c.objc; path = TwitterClient.m; sourceTree = "<group>"; };
		584266181E40063A006E010E /* Tweet.h */ = {isa = PBXFileReference; fileEncoding = 4; lastKnownFileType = sourcecode.c.h; path = Tweet.h; sourceTree = "<group>"; };
		584266191E40063A006E010E /* Tweet.m */ = {isa = PBXFileReference; fileEncoding = 4; lastKnownFileType = sourcecode.c.objc; path = Tweet.m; sourceTree = "<group>"; };
		5842661B1E400645006E010E /* User.h */ = {isa = PBXFileReference; fileEncoding = 4; lastKnownFileType = sourcecode.c.h; path = User.h; sourceTree = "<group>"; };
		5842661C1E400645006E010E /* User.m */ = {isa = PBXFileReference; fileEncoding = 4; lastKnownFileType = sourcecode.c.objc; path = User.m; sourceTree = "<group>"; };
		584266311E42A98A006E010E /* DetailViewController.h */ = {isa = PBXFileReference; fileEncoding = 4; lastKnownFileType = sourcecode.c.h; path = DetailViewController.h; sourceTree = "<group>"; };
		584266321E42A98A006E010E /* DetailViewController.m */ = {isa = PBXFileReference; fileEncoding = 4; lastKnownFileType = sourcecode.c.objc; path = DetailViewController.m; sourceTree = "<group>"; };
		584266331E42A98A006E010E /* DetailViewController.xib */ = {isa = PBXFileReference; fileEncoding = 4; lastKnownFileType = file.xib; path = DetailViewController.xib; sourceTree = "<group>"; };
		584266361E42BBBE006E010E /* NavigationManager.h */ = {isa = PBXFileReference; fileEncoding = 4; lastKnownFileType = sourcecode.c.h; path = NavigationManager.h; sourceTree = "<group>"; };
		584266371E42BBBE006E010E /* NavigationManager.m */ = {isa = PBXFileReference; fileEncoding = 4; lastKnownFileType = sourcecode.c.objc; path = NavigationManager.m; sourceTree = "<group>"; };
		58E1C7D21E42F1600069CC71 /* ProfileViewController.h */ = {isa = PBXFileReference; fileEncoding = 4; lastKnownFileType = sourcecode.c.h; path = ProfileViewController.h; sourceTree = "<group>"; };
		58E1C7D31E42F1600069CC71 /* ProfileViewController.m */ = {isa = PBXFileReference; fileEncoding = 4; lastKnownFileType = sourcecode.c.objc; path = ProfileViewController.m; sourceTree = "<group>"; };
		58E1C7D41E42F1600069CC71 /* ProfileViewController.xib */ = {isa = PBXFileReference; fileEncoding = 4; lastKnownFileType = file.xib; path = ProfileViewController.xib; sourceTree = "<group>"; };
		58E1C7D71E42F1C10069CC71 /* ComposeViewController.h */ = {isa = PBXFileReference; fileEncoding = 4; lastKnownFileType = sourcecode.c.h; path = ComposeViewController.h; sourceTree = "<group>"; };
		58E1C7D81E42F1C10069CC71 /* ComposeViewController.m */ = {isa = PBXFileReference; fileEncoding = 4; lastKnownFileType = sourcecode.c.objc; path = ComposeViewController.m; sourceTree = "<group>"; };
		58E1C7D91E42F1C10069CC71 /* ComposeViewController.xib */ = {isa = PBXFileReference; fileEncoding = 4; lastKnownFileType = file.xib; path = ComposeViewController.xib; sourceTree = "<group>"; };
		58E1C86C1E43C1180069CC71 /* iconmonstr-location-1-32.png */ = {isa = PBXFileReference; lastKnownFileType = image.png; path = "iconmonstr-location-1-32.png"; sourceTree = "<group>"; };
		58E1C86E1E43C1FA0069CC71 /* iconmonstr-location-1-24.png */ = {isa = PBXFileReference; lastKnownFileType = image.png; path = "iconmonstr-location-1-24.png"; sourceTree = "<group>"; };
		58E1C8701E465FD70069CC71 /* moment-icon@3x.png */ = {isa = PBXFileReference; lastKnownFileType = image.png; path = "moment-icon@3x.png"; sourceTree = "<group>"; };
		58E1C8711E465FD70069CC71 /* account-icon.png */ = {isa = PBXFileReference; lastKnownFileType = image.png; path = "account-icon.png"; sourceTree = "<group>"; };
		58E1C8721E465FD70069CC71 /* account-icon@2x.png */ = {isa = PBXFileReference; lastKnownFileType = image.png; path = "account-icon@2x.png"; sourceTree = "<group>"; };
		58E1C8731E465FD70069CC71 /* account-icon@3x.png */ = {isa = PBXFileReference; lastKnownFileType = image.png; path = "account-icon@3x.png"; sourceTree = "<group>"; };
		58E1C8741E465FD70069CC71 /* addfriend-icon.png */ = {isa = PBXFileReference; lastKnownFileType = image.png; path = "addfriend-icon.png"; sourceTree = "<group>"; };
		58E1C8751E465FD70069CC71 /* addfriend-icon@2x.png */ = {isa = PBXFileReference; lastKnownFileType = image.png; path = "addfriend-icon@2x.png"; sourceTree = "<group>"; };
		58E1C8761E465FD70069CC71 /* addfriend-icon@3x.png */ = {isa = PBXFileReference; lastKnownFileType = image.png; path = "addfriend-icon@3x.png"; sourceTree = "<group>"; };
		58E1C8771E465FD70069CC71 /* back-icon-white.png */ = {isa = PBXFileReference; lastKnownFileType = image.png; path = "back-icon-white.png"; sourceTree = "<group>"; };
		58E1C8781E465FD70069CC71 /* back-icon-white@2x.png */ = {isa = PBXFileReference; lastKnownFileType = image.png; path = "back-icon-white@2x.png"; sourceTree = "<group>"; };
		58E1C8791E465FD70069CC71 /* back-icon-white@3x.png */ = {isa = PBXFileReference; lastKnownFileType = image.png; path = "back-icon-white@3x.png"; sourceTree = "<group>"; };
		58E1C87A1E465FD70069CC71 /* back-icon.png */ = {isa = PBXFileReference; lastKnownFileType = image.png; path = "back-icon.png"; sourceTree = "<group>"; };
		58E1C87B1E465FD70069CC71 /* back-icon@2x.png */ = {isa = PBXFileReference; lastKnownFileType = image.png; path = "back-icon@2x.png"; sourceTree = "<group>"; };
		58E1C87C1E465FD70069CC71 /* back-icon@3x.png */ = {isa = PBXFileReference; lastKnownFileType = image.png; path = "back-icon@3x.png"; sourceTree = "<group>"; };
		58E1C87D1E465FD70069CC71 /* camera-icon.png */ = {isa = PBXFileReference; lastKnownFileType = image.png; path = "camera-icon.png"; sourceTree = "<group>"; };
		58E1C87E1E465FD70069CC71 /* camera-icon@2x.png */ = {isa = PBXFileReference; lastKnownFileType = image.png; path = "camera-icon@2x.png"; sourceTree = "<group>"; };
		58E1C87F1E465FD70069CC71 /* camera-icon@3x.png */ = {isa = PBXFileReference; lastKnownFileType = image.png; path = "camera-icon@3x.png"; sourceTree = "<group>"; };
		58E1C8801E465FD70069CC71 /* close-icon.png */ = {isa = PBXFileReference; lastKnownFileType = image.png; path = "close-icon.png"; sourceTree = "<group>"; };
		58E1C8811E465FD70069CC71 /* close-icon@2x.png */ = {isa = PBXFileReference; lastKnownFileType = image.png; path = "close-icon@2x.png"; sourceTree = "<group>"; };
		58E1C8821E465FD70069CC71 /* close-icon@3x.png */ = {isa = PBXFileReference; lastKnownFileType = image.png; path = "close-icon@3x.png"; sourceTree = "<group>"; };
		58E1C8831E465FD70069CC71 /* edit-icon.png */ = {isa = PBXFileReference; lastKnownFileType = image.png; path = "edit-icon.png"; sourceTree = "<group>"; };
		58E1C8841E465FD70069CC71 /* edit-icon@2x.png */ = {isa = PBXFileReference; lastKnownFileType = image.png; path = "edit-icon@2x.png"; sourceTree = "<group>"; };
		58E1C8851E465FD70069CC71 /* edit-icon@3x.png */ = {isa = PBXFileReference; lastKnownFileType = image.png; path = "edit-icon@3x.png"; sourceTree = "<group>"; };
		58E1C8861E465FD70069CC71 /* favor-icon-red.png */ = {isa = PBXFileReference; lastKnownFileType = image.png; path = "favor-icon-red.png"; sourceTree = "<group>"; };
		58E1C8871E465FD70069CC71 /* favor-icon-red@2x.png */ = {isa = PBXFileReference; lastKnownFileType = image.png; path = "favor-icon-red@2x.png"; sourceTree = "<group>"; };
		58E1C8881E465FD70069CC71 /* favor-icon-red@3x.png */ = {isa = PBXFileReference; lastKnownFileType = image.png; path = "favor-icon-red@3x.png"; sourceTree = "<group>"; };
		58E1C8891E465FD70069CC71 /* favor-icon.png */ = {isa = PBXFileReference; lastKnownFileType = image.png; path = "favor-icon.png"; sourceTree = "<group>"; };
		58E1C88A1E465FD70069CC71 /* favor-icon@2x.png */ = {isa = PBXFileReference; lastKnownFileType = image.png; path = "favor-icon@2x.png"; sourceTree = "<group>"; };
		58E1C88B1E465FD70069CC71 /* favor-icon@3x.png */ = {isa = PBXFileReference; lastKnownFileType = image.png; path = "favor-icon@3x.png"; sourceTree = "<group>"; };
		58E1C88C1E465FD70069CC71 /* gif-icon.png */ = {isa = PBXFileReference; lastKnownFileType = image.png; path = "gif-icon.png"; sourceTree = "<group>"; };
		58E1C88D1E465FD70069CC71 /* gif-icon@2x.png */ = {isa = PBXFileReference; lastKnownFileType = image.png; path = "gif-icon@2x.png"; sourceTree = "<group>"; };
		58E1C88E1E465FD70069CC71 /* gif-icon@3x.png */ = {isa = PBXFileReference; lastKnownFileType = image.png; path = "gif-icon@3x.png"; sourceTree = "<group>"; };
		58E1C88F1E465FD70069CC71 /* home-icon.png */ = {isa = PBXFileReference; lastKnownFileType = image.png; path = "home-icon.png"; sourceTree = "<group>"; };
		58E1C8901E465FD70069CC71 /* home-icon@2x.png */ = {isa = PBXFileReference; lastKnownFileType = image.png; path = "home-icon@2x.png"; sourceTree = "<group>"; };
		58E1C8911E465FD70069CC71 /* home-icon@3x.png */ = {isa = PBXFileReference; lastKnownFileType = image.png; path = "home-icon@3x.png"; sourceTree = "<group>"; };
		58E1C8921E465FD70069CC71 /* message-icon.png */ = {isa = PBXFileReference; lastKnownFileType = image.png; path = "message-icon.png"; sourceTree = "<group>"; };
		58E1C8931E465FD70069CC71 /* message-icon@2x.png */ = {isa = PBXFileReference; lastKnownFileType = image.png; path = "message-icon@2x.png"; sourceTree = "<group>"; };
		58E1C8941E465FD70069CC71 /* message-icon@3x.png */ = {isa = PBXFileReference; lastKnownFileType = image.png; path = "message-icon@3x.png"; sourceTree = "<group>"; };
		58E1C8951E465FD70069CC71 /* moment-icon.png */ = {isa = PBXFileReference; lastKnownFileType = image.png; path = "moment-icon.png"; sourceTree = "<group>"; };
		58E1C8961E465FD70069CC71 /* moment-icon@2x.png */ = {isa = PBXFileReference; lastKnownFileType = image.png; path = "moment-icon@2x.png"; sourceTree = "<group>"; };
		58E1C8971E465FD70069CC71 /* notification-icon.png */ = {isa = PBXFileReference; lastKnownFileType = image.png; path = "notification-icon.png"; sourceTree = "<group>"; };
		58E1C8981E465FD70069CC71 /* notification-icon@2x.png */ = {isa = PBXFileReference; lastKnownFileType = image.png; path = "notification-icon@2x.png"; sourceTree = "<group>"; };
		58E1C8991E465FD70069CC71 /* notification-icon@3x.png */ = {isa = PBXFileReference; lastKnownFileType = image.png; path = "notification-icon@3x.png"; sourceTree = "<group>"; };
		58E1C89A1E465FD70069CC71 /* profile-icon.png */ = {isa = PBXFileReference; lastKnownFileType = image.png; path = "profile-icon.png"; sourceTree = "<group>"; };
		58E1C89B1E465FD70069CC71 /* profile-icon@2x.png */ = {isa = PBXFileReference; lastKnownFileType = image.png; path = "profile-icon@2x.png"; sourceTree = "<group>"; };
		58E1C89C1E465FD70069CC71 /* profile-icon@3x.png */ = {isa = PBXFileReference; lastKnownFileType = image.png; path = "profile-icon@3x.png"; sourceTree = "<group>"; };
		58E1C89D1E465FD70069CC71 /* reply-icon.png */ = {isa = PBXFileReference; lastKnownFileType = image.png; path = "reply-icon.png"; sourceTree = "<group>"; };
		58E1C89E1E465FD70069CC71 /* reply-icon@2x.png */ = {isa = PBXFileReference; lastKnownFileType = image.png; path = "reply-icon@2x.png"; sourceTree = "<group>"; };
		58E1C89F1E465FD70069CC71 /* reply-icon@3x.png */ = {isa = PBXFileReference; lastKnownFileType = image.png; path = "reply-icon@3x.png"; sourceTree = "<group>"; };
		58E1C8A01E465FD70069CC71 /* retweet-icon-green.png */ = {isa = PBXFileReference; lastKnownFileType = image.png; path = "retweet-icon-green.png"; sourceTree = "<group>"; };
		58E1C8A11E465FD70069CC71 /* retweet-icon-green@2x.png */ = {isa = PBXFileReference; lastKnownFileType = image.png; path = "retweet-icon-green@2x.png"; sourceTree = "<group>"; };
		58E1C8A21E465FD70069CC71 /* retweet-icon-green@3x.png */ = {isa = PBXFileReference; lastKnownFileType = image.png; path = "retweet-icon-green@3x.png"; sourceTree = "<group>"; };
		58E1C8A31E465FD70069CC71 /* retweet-icon.png */ = {isa = PBXFileReference; lastKnownFileType = image.png; path = "retweet-icon.png"; sourceTree = "<group>"; };
		58E1C8A41E465FD70069CC71 /* retweet-icon@2x.png */ = {isa = PBXFileReference; lastKnownFileType = image.png; path = "retweet-icon@2x.png"; sourceTree = "<group>"; };
		58E1C8A51E465FD70069CC71 /* retweet-icon@3x.png */ = {isa = PBXFileReference; lastKnownFileType = image.png; path = "retweet-icon@3x.png"; sourceTree = "<group>"; };
		58E1C8A61E465FD70069CC71 /* stat-icon.png */ = {isa = PBXFileReference; lastKnownFileType = image.png; path = "stat-icon.png"; sourceTree = "<group>"; };
		58E1C8A71E465FD70069CC71 /* stat-icon@2x.png */ = {isa = PBXFileReference; lastKnownFileType = image.png; path = "stat-icon@2x.png"; sourceTree = "<group>"; };
		58E1C8A81E465FD70069CC71 /* stat-icon@3x.png */ = {isa = PBXFileReference; lastKnownFileType = image.png; path = "stat-icon@3x.png"; sourceTree = "<group>"; };
		58E1C8A91E465FD70069CC71 /* twiiter-logo-20@2x.png */ = {isa = PBXFileReference; lastKnownFileType = image.png; path = "twiiter-logo-20@2x.png"; sourceTree = "<group>"; };
		58E1C8AA1E465FD70069CC71 /* twiiter-logo-20@3x.png */ = {isa = PBXFileReference; lastKnownFileType = image.png; path = "twiiter-logo-20@3x.png"; sourceTree = "<group>"; };
		58E1C8AB1E465FD70069CC71 /* twiiter-logo-29@2x.png */ = {isa = PBXFileReference; lastKnownFileType = image.png; path = "twiiter-logo-29@2x.png"; sourceTree = "<group>"; };
		58E1C8AC1E465FD70069CC71 /* twiiter-logo-29@3x.png */ = {isa = PBXFileReference; lastKnownFileType = image.png; path = "twiiter-logo-29@3x.png"; sourceTree = "<group>"; };
		58E1C8AD1E465FD70069CC71 /* twiiter-logo-40@2x.png */ = {isa = PBXFileReference; lastKnownFileType = image.png; path = "twiiter-logo-40@2x.png"; sourceTree = "<group>"; };
		58E1C8AE1E465FD70069CC71 /* twiiter-logo-40@3x.png */ = {isa = PBXFileReference; lastKnownFileType = image.png; path = "twiiter-logo-40@3x.png"; sourceTree = "<group>"; };
		58E1C8AF1E465FD70069CC71 /* twiiter-logo-60@2x.png */ = {isa = PBXFileReference; lastKnownFileType = image.png; path = "twiiter-logo-60@2x.png"; sourceTree = "<group>"; };
		58E1C8B01E465FD70069CC71 /* twiiter-logo-60@3x.png */ = {isa = PBXFileReference; lastKnownFileType = image.png; path = "twiiter-logo-60@3x.png"; sourceTree = "<group>"; };
		58E1C8B11E465FD70069CC71 /* Twitter_Logo_Blue.png */ = {isa = PBXFileReference; lastKnownFileType = image.png; path = Twitter_Logo_Blue.png; sourceTree = "<group>"; };
		58E1C8B21E465FD70069CC71 /* twitter-icon.png */ = {isa = PBXFileReference; lastKnownFileType = image.png; path = "twitter-icon.png"; sourceTree = "<group>"; };
		58E1C8B31E465FD70069CC71 /* twitter-icon@2x.png */ = {isa = PBXFileReference; lastKnownFileType = image.png; path = "twitter-icon@2x.png"; sourceTree = "<group>"; };
		58E1C8B41E465FD70069CC71 /* twitter-icon@3x.png */ = {isa = PBXFileReference; lastKnownFileType = image.png; path = "twitter-icon@3x.png"; sourceTree = "<group>"; };
		58E1C8B51E465FD70069CC71 /* TwitterLogo.png */ = {isa = PBXFileReference; lastKnownFileType = image.png; path = TwitterLogo.png; sourceTree = "<group>"; };
		58E1C8B61E465FD70069CC71 /* TwitterLogo@2x.png */ = {isa = PBXFileReference; lastKnownFileType = image.png; path = "TwitterLogo@2x.png"; sourceTree = "<group>"; };
		58E1C8B71E465FD70069CC71 /* TwitterLogo@3x.png */ = {isa = PBXFileReference; lastKnownFileType = image.png; path = "TwitterLogo@3x.png"; sourceTree = "<group>"; };
		8D9D6567529E93CC544377C8 /* Pods-Twitter.debug.xcconfig */ = {isa = PBXFileReference; includeInIndex = 1; lastKnownFileType = text.xcconfig; name = "Pods-Twitter.debug.xcconfig"; path = "Pods/Target Support Files/Pods-Twitter/Pods-Twitter.debug.xcconfig"; sourceTree = "<group>"; };
		E4C549B0871EEDC6403D6BD8 /* Pods-Twitter.release.xcconfig */ = {isa = PBXFileReference; includeInIndex = 1; lastKnownFileType = text.xcconfig; name = "Pods-Twitter.release.xcconfig"; path = "Pods/Target Support Files/Pods-Twitter/Pods-Twitter.release.xcconfig"; sourceTree = "<group>"; };
/* End PBXFileReference section */

/* Begin PBXFrameworksBuildPhase section */
		584265E31E3FBA19006E010E /* Frameworks */ = {
			isa = PBXFrameworksBuildPhase;
			buildActionMask = 2147483647;
			files = (
				A509EC53194A56CBEA08CC6C /* libPods-Twitter.a in Frameworks */,
			);
			runOnlyForDeploymentPostprocessing = 0;
		};
/* End PBXFrameworksBuildPhase section */

/* Begin PBXGroup section */
		022C45264AA31F4EEE12C1F9 /* Frameworks */ = {
			isa = PBXGroup;
			children = (
				0743C3F405AF823FE478C97C /* libPods-Twitter.a */,
			);
			name = Frameworks;
			sourceTree = "<group>";
		};
		5441324CB135434839D21F11 /* Pods */ = {
			isa = PBXGroup;
			children = (
				8D9D6567529E93CC544377C8 /* Pods-Twitter.debug.xcconfig */,
				E4C549B0871EEDC6403D6BD8 /* Pods-Twitter.release.xcconfig */,
			);
			name = Pods;
			sourceTree = "<group>";
		};
		584265DD1E3FBA19006E010E = {
			isa = PBXGroup;
			children = (
				022C45264AA31F4EEE12C1F9 /* Frameworks */,
				5441324CB135434839D21F11 /* Pods */,
				584265E71E3FBA19006E010E /* Products */,
				584265E81E3FBA19006E010E /* Twitter */,
			);
			sourceTree = "<group>";
		};
		584265E71E3FBA19006E010E /* Products */ = {
			isa = PBXGroup;
			children = (
				584265E61E3FBA19006E010E /* Twitter.app */,
			);
			name = Products;
			sourceTree = "<group>";
		};
		584265E81E3FBA19006E010E /* Twitter */ = {
			isa = PBXGroup;
			children = (
				584266261E42969A006E010E /* Icons */,
				584266221E410EBF006E010E /* Libs */,
				584266171E4005D5006E010E /* Models */,
				584265E91E3FBA19006E010E /* Supporting Files */,
				584266201E410E9B006E010E /* TableCells */,
				584266211E410EA7006E010E /* ViewControllers */,
				584265EC1E3FBA19006E010E /* AppDelegate.h */,
				584265ED1E3FBA19006E010E /* AppDelegate.m */,
				584265F51E3FBA19006E010E /* Assets.xcassets */,
				584265FA1E3FBA19006E010E /* Info.plist */,
				584265F71E3FBA19006E010E /* LaunchScreen.storyboard */,
				584265F21E3FBA19006E010E /* Main.storyboard */,
			);
			path = Twitter;
			sourceTree = "<group>";
		};
		584265E91E3FBA19006E010E /* Supporting Files */ = {
			isa = PBXGroup;
			children = (
				584265EA1E3FBA19006E010E /* main.m */,
			);
			path = "Supporting Files";
			sourceTree = "<group>";
		};
		584266171E4005D5006E010E /* Models */ = {
			isa = PBXGroup;
			children = (
				584266181E40063A006E010E /* Tweet.h */,
				584266191E40063A006E010E /* Tweet.m */,
				5842661B1E400645006E010E /* User.h */,
				5842661C1E400645006E010E /* User.m */,
			);
			path = Models;
			sourceTree = "<group>";
		};
		584266201E410E9B006E010E /* TableCells */ = {
			isa = PBXGroup;
			children = (
				584266051E3FC831006E010E /* TwitterTableViewCell.h */,
				584266061E3FC831006E010E /* TwitterTableViewCell.m */,
				584266071E3FC831006E010E /* TwitterTableViewCell.xib */,
			);
			path = TableCells;
			sourceTree = "<group>";
		};
		584266211E410EA7006E010E /* ViewControllers */ = {
			isa = PBXGroup;
			children = (
				58E1C7D71E42F1C10069CC71 /* ComposeViewController.h */,
				58E1C7D81E42F1C10069CC71 /* ComposeViewController.m */,
				58E1C7D91E42F1C10069CC71 /* ComposeViewController.xib */,
				584266311E42A98A006E010E /* DetailViewController.h */,
				584266321E42A98A006E010E /* DetailViewController.m */,
				584266331E42A98A006E010E /* DetailViewController.xib */,
				5842660F1E3FF6A7006E010E /* LoginViewController.h */,
				584266101E3FF6A7006E010E /* LoginViewController.m */,
				584266111E3FF6A7006E010E /* LoginViewController.xib */,
				58E1C7D21E42F1600069CC71 /* ProfileViewController.h */,
				58E1C7D31E42F1600069CC71 /* ProfileViewController.m */,
				58E1C7D41E42F1600069CC71 /* ProfileViewController.xib */,
				584266001E3FBADA006E010E /* TwitterListViewController.h */,
				584266011E3FBADA006E010E /* TwitterListViewController.m */,
				584266021E3FBADA006E010E /* TwitterListViewController.xib */,
			);
			path = ViewControllers;
			sourceTree = "<group>";
		};
		584266221E410EBF006E010E /* Libs */ = {
			isa = PBXGroup;
			children = (
				584266361E42BBBE006E010E /* NavigationManager.h */,
				584266371E42BBBE006E010E /* NavigationManager.m */,
				584266141E3FF7D4006E010E /* TwitterClient.h */,
				584266151E3FF7D4006E010E /* TwitterClient.m */,
			);
			path = Libs;
			sourceTree = "<group>";
		};
		584266261E42969A006E010E /* Icons */ = {
			isa = PBXGroup;
			children = (
				58E1C86E1E43C1FA0069CC71 /* iconmonstr-location-1-24.png */,
				58E1C86C1E43C1180069CC71 /* iconmonstr-location-1-32.png */,
				58E1C8701E465FD70069CC71 /* moment-icon@3x.png */,
				58E1C8711E465FD70069CC71 /* account-icon.png */,
				58E1C8721E465FD70069CC71 /* account-icon@2x.png */,
				58E1C8731E465FD70069CC71 /* account-icon@3x.png */,
				58E1C8741E465FD70069CC71 /* addfriend-icon.png */,
				58E1C8751E465FD70069CC71 /* addfriend-icon@2x.png */,
				58E1C8761E465FD70069CC71 /* addfriend-icon@3x.png */,
				58E1C8771E465FD70069CC71 /* back-icon-white.png */,
				58E1C8781E465FD70069CC71 /* back-icon-white@2x.png */,
				58E1C8791E465FD70069CC71 /* back-icon-white@3x.png */,
				58E1C87A1E465FD70069CC71 /* back-icon.png */,
				58E1C87B1E465FD70069CC71 /* back-icon@2x.png */,
				58E1C87C1E465FD70069CC71 /* back-icon@3x.png */,
				58E1C87D1E465FD70069CC71 /* camera-icon.png */,
				58E1C87E1E465FD70069CC71 /* camera-icon@2x.png */,
				58E1C87F1E465FD70069CC71 /* camera-icon@3x.png */,
				58E1C8801E465FD70069CC71 /* close-icon.png */,
				58E1C8811E465FD70069CC71 /* close-icon@2x.png */,
				58E1C8821E465FD70069CC71 /* close-icon@3x.png */,
				58E1C8831E465FD70069CC71 /* edit-icon.png */,
				58E1C8841E465FD70069CC71 /* edit-icon@2x.png */,
				58E1C8851E465FD70069CC71 /* edit-icon@3x.png */,
				58E1C8861E465FD70069CC71 /* favor-icon-red.png */,
				58E1C8871E465FD70069CC71 /* favor-icon-red@2x.png */,
				58E1C8881E465FD70069CC71 /* favor-icon-red@3x.png */,
				58E1C8891E465FD70069CC71 /* favor-icon.png */,
				58E1C88A1E465FD70069CC71 /* favor-icon@2x.png */,
				58E1C88B1E465FD70069CC71 /* favor-icon@3x.png */,
				58E1C88C1E465FD70069CC71 /* gif-icon.png */,
				58E1C88D1E465FD70069CC71 /* gif-icon@2x.png */,
				58E1C88E1E465FD70069CC71 /* gif-icon@3x.png */,
				58E1C88F1E465FD70069CC71 /* home-icon.png */,
				58E1C8901E465FD70069CC71 /* home-icon@2x.png */,
				58E1C8911E465FD70069CC71 /* home-icon@3x.png */,
				58E1C8921E465FD70069CC71 /* message-icon.png */,
				58E1C8931E465FD70069CC71 /* message-icon@2x.png */,
				58E1C8941E465FD70069CC71 /* message-icon@3x.png */,
				58E1C8951E465FD70069CC71 /* moment-icon.png */,
				58E1C8961E465FD70069CC71 /* moment-icon@2x.png */,
				58E1C8971E465FD70069CC71 /* notification-icon.png */,
				58E1C8981E465FD70069CC71 /* notification-icon@2x.png */,
				58E1C8991E465FD70069CC71 /* notification-icon@3x.png */,
				58E1C89A1E465FD70069CC71 /* profile-icon.png */,
				58E1C89B1E465FD70069CC71 /* profile-icon@2x.png */,
				58E1C89C1E465FD70069CC71 /* profile-icon@3x.png */,
				58E1C89D1E465FD70069CC71 /* reply-icon.png */,
				58E1C89E1E465FD70069CC71 /* reply-icon@2x.png */,
				58E1C89F1E465FD70069CC71 /* reply-icon@3x.png */,
				58E1C8A01E465FD70069CC71 /* retweet-icon-green.png */,
				58E1C8A11E465FD70069CC71 /* retweet-icon-green@2x.png */,
				58E1C8A21E465FD70069CC71 /* retweet-icon-green@3x.png */,
				58E1C8A31E465FD70069CC71 /* retweet-icon.png */,
				58E1C8A41E465FD70069CC71 /* retweet-icon@2x.png */,
				58E1C8A51E465FD70069CC71 /* retweet-icon@3x.png */,
				58E1C8A61E465FD70069CC71 /* stat-icon.png */,
				58E1C8A71E465FD70069CC71 /* stat-icon@2x.png */,
				58E1C8A81E465FD70069CC71 /* stat-icon@3x.png */,
				58E1C8A91E465FD70069CC71 /* twiiter-logo-20@2x.png */,
				58E1C8AA1E465FD70069CC71 /* twiiter-logo-20@3x.png */,
				58E1C8AB1E465FD70069CC71 /* twiiter-logo-29@2x.png */,
				58E1C8AC1E465FD70069CC71 /* twiiter-logo-29@3x.png */,
				58E1C8AD1E465FD70069CC71 /* twiiter-logo-40@2x.png */,
				58E1C8AE1E465FD70069CC71 /* twiiter-logo-40@3x.png */,
				58E1C8AF1E465FD70069CC71 /* twiiter-logo-60@2x.png */,
				58E1C8B01E465FD70069CC71 /* twiiter-logo-60@3x.png */,
				58E1C8B11E465FD70069CC71 /* Twitter_Logo_Blue.png */,
				58E1C8B21E465FD70069CC71 /* twitter-icon.png */,
				58E1C8B31E465FD70069CC71 /* twitter-icon@2x.png */,
				58E1C8B41E465FD70069CC71 /* twitter-icon@3x.png */,
				58E1C8B51E465FD70069CC71 /* TwitterLogo.png */,
				58E1C8B61E465FD70069CC71 /* TwitterLogo@2x.png */,
				58E1C8B71E465FD70069CC71 /* TwitterLogo@3x.png */,
			);
			path = Icons;
			sourceTree = "<group>";
		};
/* End PBXGroup section */

/* Begin PBXNativeTarget section */
		584265E51E3FBA19006E010E /* Twitter */ = {
			isa = PBXNativeTarget;
			buildConfigurationList = 584265FD1E3FBA19006E010E /* Build configuration list for PBXNativeTarget "Twitter" */;
			buildPhases = (
				389617431E234FFD294CB076 /* [CP] Check Pods Manifest.lock */,
				584265E21E3FBA19006E010E /* Sources */,
				584265E31E3FBA19006E010E /* Frameworks */,
				584265E41E3FBA19006E010E /* Resources */,
				1DB45D76177F6CA591495902 /* [CP] Embed Pods Frameworks */,
				B2DDAD271BE5E9AC04EE6BAE /* [CP] Copy Pods Resources */,
			);
			buildRules = (
			);
			dependencies = (
			);
			name = Twitter;
			productName = Twitter;
			productReference = 584265E61E3FBA19006E010E /* Twitter.app */;
			productType = "com.apple.product-type.application";
		};
/* End PBXNativeTarget section */

/* Begin PBXProject section */
		584265DE1E3FBA19006E010E /* Project object */ = {
			isa = PBXProject;
			attributes = {
				LastUpgradeCheck = 0820;
				ORGANIZATIONNAME = "Kaeson Ho";
				TargetAttributes = {
					584265E51E3FBA19006E010E = {
						CreatedOnToolsVersion = 8.2.1;
						ProvisioningStyle = Automatic;
					};
				};
			};
			buildConfigurationList = 584265E11E3FBA19006E010E /* Build configuration list for PBXProject "Twitter" */;
			compatibilityVersion = "Xcode 3.2";
			developmentRegion = English;
			hasScannedForEncodings = 0;
			knownRegions = (
				en,
				Base,
			);
			mainGroup = 584265DD1E3FBA19006E010E;
			productRefGroup = 584265E71E3FBA19006E010E /* Products */;
			projectDirPath = "";
			projectRoot = "";
			targets = (
				584265E51E3FBA19006E010E /* Twitter */,
			);
		};
/* End PBXProject section */

/* Begin PBXResourcesBuildPhase section */
		584265E41E3FBA19006E010E /* Resources */ = {
			isa = PBXResourcesBuildPhase;
			buildActionMask = 2147483647;
			files = (
				58E1C8BD1E465FD70069CC71 /* addfriend-icon@2x.png in Resources */,
				584266041E3FBADA006E010E /* TwitterListViewController.xib in Resources */,
				58E1C8EE1E465FD70069CC71 /* stat-icon.png in Resources */,
				58E1C8F51E465FD70069CC71 /* twiiter-logo-40@2x.png in Resources */,
				58E1C8C71E465FD70069CC71 /* camera-icon@3x.png in Resources */,
				58E1C8FD1E465FD70069CC71 /* TwitterLogo.png in Resources */,
				58E1C8DB1E465FD70069CC71 /* message-icon@2x.png in Resources */,
				58E1C8E21E465FD70069CC71 /* profile-icon.png in Resources */,
				58E1C8D01E465FD70069CC71 /* favor-icon-red@3x.png in Resources */,
				58E1C8EC1E465FD70069CC71 /* retweet-icon@2x.png in Resources */,
				58E1C7D61E42F1600069CC71 /* ProfileViewController.xib in Resources */,
				58E1C8FC1E465FD70069CC71 /* twitter-icon@3x.png in Resources */,
				58E1C8E11E465FD70069CC71 /* notification-icon@3x.png in Resources */,
				58E1C8CB1E465FD70069CC71 /* edit-icon.png in Resources */,
				58E1C8D51E465FD70069CC71 /* gif-icon@2x.png in Resources */,
				58E1C8FE1E465FD70069CC71 /* TwitterLogo@2x.png in Resources */,
				58E1C8D21E465FD70069CC71 /* favor-icon@2x.png in Resources */,
				58E1C8E91E465FD70069CC71 /* retweet-icon-green@2x.png in Resources */,
				58E1C8F61E465FD70069CC71 /* twiiter-logo-40@3x.png in Resources */,
				58E1C8D31E465FD70069CC71 /* favor-icon@3x.png in Resources */,
				58E1C8BF1E465FD70069CC71 /* back-icon-white.png in Resources */,
				58E1C8F01E465FD70069CC71 /* stat-icon@3x.png in Resources */,
				58E1C8C01E465FD70069CC71 /* back-icon-white@2x.png in Resources */,
				58E1C8C41E465FD70069CC71 /* back-icon@3x.png in Resources */,
				58E1C8E71E465FD70069CC71 /* reply-icon@3x.png in Resources */,
				58E1C8DD1E465FD70069CC71 /* moment-icon.png in Resources */,
				58E1C8EF1E465FD70069CC71 /* stat-icon@2x.png in Resources */,
				58E1C8D41E465FD70069CC71 /* gif-icon.png in Resources */,
				584265F91E3FBA19006E010E /* LaunchScreen.storyboard in Resources */,
				58E1C8CC1E465FD70069CC71 /* edit-icon@2x.png in Resources */,
				584266131E3FF6A7006E010E /* LoginViewController.xib in Resources */,
				58E1C8C61E465FD70069CC71 /* camera-icon@2x.png in Resources */,
				58E1C8E31E465FD70069CC71 /* profile-icon@2x.png in Resources */,
				58E1C8EB1E465FD70069CC71 /* retweet-icon.png in Resources */,
				58E1C8F11E465FD70069CC71 /* twiiter-logo-20@2x.png in Resources */,
				58E1C8D71E465FD70069CC71 /* home-icon.png in Resources */,
				584265F61E3FBA19006E010E /* Assets.xcassets in Resources */,
				58E1C8CE1E465FD70069CC71 /* favor-icon-red.png in Resources */,
				58E1C8F21E465FD70069CC71 /* twiiter-logo-20@3x.png in Resources */,
				58E1C8DA1E465FD70069CC71 /* message-icon.png in Resources */,
				58E1C8DE1E465FD70069CC71 /* moment-icon@2x.png in Resources */,
				58E1C8BE1E465FD70069CC71 /* addfriend-icon@3x.png in Resources */,
				58E1C8BA1E465FD70069CC71 /* account-icon@2x.png in Resources */,
				58E1C8C81E465FD70069CC71 /* close-icon.png in Resources */,
				58E1C8F91E465FD70069CC71 /* Twitter_Logo_Blue.png in Resources */,
				584266351E42A98A006E010E /* DetailViewController.xib in Resources */,
				58E1C8C21E465FD70069CC71 /* back-icon.png in Resources */,
				58E1C8E41E465FD70069CC71 /* profile-icon@3x.png in Resources */,
				58E1C8C11E465FD70069CC71 /* back-icon-white@3x.png in Resources */,
				58E1C8ED1E465FD70069CC71 /* retweet-icon@3x.png in Resources */,
				58E1C8DC1E465FD70069CC71 /* message-icon@3x.png in Resources */,
				58E1C8D11E465FD70069CC71 /* favor-icon.png in Resources */,
				58E1C8FB1E465FD70069CC71 /* twitter-icon@2x.png in Resources */,
				58E1C8E51E465FD70069CC71 /* reply-icon.png in Resources */,
				58E1C8C31E465FD70069CC71 /* back-icon@2x.png in Resources */,
				58E1C8F71E465FD70069CC71 /* twiiter-logo-60@2x.png in Resources */,
				58E1C8B81E465FD70069CC71 /* moment-icon@3x.png in Resources */,
				58E1C8FF1E465FD70069CC71 /* TwitterLogo@3x.png in Resources */,
				58E1C8E01E465FD70069CC71 /* notification-icon@2x.png in Resources */,
				58E1C8E81E465FD70069CC71 /* retweet-icon-green.png in Resources */,
				58E1C7DB1E42F1C10069CC71 /* ComposeViewController.xib in Resources */,
				58E1C8FA1E465FD70069CC71 /* twitter-icon.png in Resources */,
				58E1C86D1E43C1180069CC71 /* iconmonstr-location-1-32.png in Resources */,
				584266091E3FC831006E010E /* TwitterTableViewCell.xib in Resources */,
				58E1C8D81E465FD70069CC71 /* home-icon@2x.png in Resources */,
				58E1C8B91E465FD70069CC71 /* account-icon.png in Resources */,
				58E1C8CA1E465FD70069CC71 /* close-icon@3x.png in Resources */,
				58E1C8EA1E465FD70069CC71 /* retweet-icon-green@3x.png in Resources */,
				58E1C8F41E465FD70069CC71 /* twiiter-logo-29@3x.png in Resources */,
				58E1C8BC1E465FD70069CC71 /* addfriend-icon.png in Resources */,
				58E1C8CF1E465FD70069CC71 /* favor-icon-red@2x.png in Resources */,
				58E1C8DF1E465FD70069CC71 /* notification-icon.png in Resources */,
				58E1C8F81E465FD70069CC71 /* twiiter-logo-60@3x.png in Resources */,
				584265F41E3FBA19006E010E /* Main.storyboard in Resources */,
				58E1C8E61E465FD70069CC71 /* reply-icon@2x.png in Resources */,
				58E1C8C51E465FD70069CC71 /* camera-icon.png in Resources */,
				58E1C8C91E465FD70069CC71 /* close-icon@2x.png in Resources */,
				58E1C8F31E465FD70069CC71 /* twiiter-logo-29@2x.png in Resources */,
				58E1C8BB1E465FD70069CC71 /* account-icon@3x.png in Resources */,
				58E1C8CD1E465FD70069CC71 /* edit-icon@3x.png in Resources */,
				58E1C86F1E43C1FA0069CC71 /* iconmonstr-location-1-24.png in Resources */,
				58E1C8D91E465FD70069CC71 /* home-icon@3x.png in Resources */,
				58E1C8D61E465FD70069CC71 /* gif-icon@3x.png in Resources */,
			);
			runOnlyForDeploymentPostprocessing = 0;
		};
/* End PBXResourcesBuildPhase section */

/* Begin PBXShellScriptBuildPhase section */
		1DB45D76177F6CA591495902 /* [CP] Embed Pods Frameworks */ = {
			isa = PBXShellScriptBuildPhase;
			buildActionMask = 2147483647;
			files = (
			);
			inputPaths = (
			);
			name = "[CP] Embed Pods Frameworks";
			outputPaths = (
			);
			runOnlyForDeploymentPostprocessing = 0;
			shellPath = /bin/sh;
			shellScript = "\"${SRCROOT}/Pods/Target Support Files/Pods-Twitter/Pods-Twitter-frameworks.sh\"\n";
			showEnvVarsInLog = 0;
		};
		389617431E234FFD294CB076 /* [CP] Check Pods Manifest.lock */ = {
			isa = PBXShellScriptBuildPhase;
			buildActionMask = 2147483647;
			files = (
			);
			inputPaths = (
			);
			name = "[CP] Check Pods Manifest.lock";
			outputPaths = (
			);
			runOnlyForDeploymentPostprocessing = 0;
			shellPath = /bin/sh;
			shellScript = "diff \"${PODS_ROOT}/../Podfile.lock\" \"${PODS_ROOT}/Manifest.lock\" > /dev/null\nif [ $? != 0 ] ; then\n    # print error to STDERR\n    echo \"error: The sandbox is not in sync with the Podfile.lock. Run 'pod install' or update your CocoaPods installation.\" >&2\n    exit 1\nfi\n";
			showEnvVarsInLog = 0;
		};
		B2DDAD271BE5E9AC04EE6BAE /* [CP] Copy Pods Resources */ = {
			isa = PBXShellScriptBuildPhase;
			buildActionMask = 2147483647;
			files = (
			);
			inputPaths = (
			);
			name = "[CP] Copy Pods Resources";
			outputPaths = (
			);
			runOnlyForDeploymentPostprocessing = 0;
			shellPath = /bin/sh;
			shellScript = "\"${SRCROOT}/Pods/Target Support Files/Pods-Twitter/Pods-Twitter-resources.sh\"\n";
			showEnvVarsInLog = 0;
		};
/* End PBXShellScriptBuildPhase section */

/* Begin PBXSourcesBuildPhase section */
		584265E21E3FBA19006E010E /* Sources */ = {
			isa = PBXSourcesBuildPhase;
			buildActionMask = 2147483647;
			files = (
				5842661D1E400645006E010E /* User.m in Sources */,
				584266031E3FBADA006E010E /* TwitterListViewController.m in Sources */,
				584266341E42A98A006E010E /* DetailViewController.m in Sources */,
				58E1C7DA1E42F1C10069CC71 /* ComposeViewController.m in Sources */,
				584266381E42BBBE006E010E /* NavigationManager.m in Sources */,
				584265EE1E3FBA19006E010E /* AppDelegate.m in Sources */,
				584265EB1E3FBA19006E010E /* main.m in Sources */,
				5842661A1E40063A006E010E /* Tweet.m in Sources */,
				584266081E3FC831006E010E /* TwitterTableViewCell.m in Sources */,
				58E1C7D51E42F1600069CC71 /* ProfileViewController.m in Sources */,
				584266161E3FF7D4006E010E /* TwitterClient.m in Sources */,
				584266121E3FF6A7006E010E /* LoginViewController.m in Sources */,
			);
			runOnlyForDeploymentPostprocessing = 0;
		};
/* End PBXSourcesBuildPhase section */

/* Begin PBXVariantGroup section */
		584265F21E3FBA19006E010E /* Main.storyboard */ = {
			isa = PBXVariantGroup;
			children = (
				584265F31E3FBA19006E010E /* Base */,
			);
			name = Main.storyboard;
			path = .;
			sourceTree = "<group>";
		};
		584265F71E3FBA19006E010E /* LaunchScreen.storyboard */ = {
			isa = PBXVariantGroup;
			children = (
				584265F81E3FBA19006E010E /* Base */,
			);
			name = LaunchScreen.storyboard;
			path = .;
			sourceTree = "<group>";
		};
/* End PBXVariantGroup section */

/* Begin XCBuildConfiguration section */
		584265FB1E3FBA19006E010E /* Debug */ = {
			isa = XCBuildConfiguration;
			buildSettings = {
				ALWAYS_SEARCH_USER_PATHS = NO;
				CLANG_ANALYZER_NONNULL = YES;
				CLANG_CXX_LANGUAGE_STANDARD = "gnu++0x";
				CLANG_CXX_LIBRARY = "libc++";
				CLANG_ENABLE_MODULES = YES;
				CLANG_ENABLE_OBJC_ARC = YES;
				CLANG_WARN_BOOL_CONVERSION = YES;
				CLANG_WARN_CONSTANT_CONVERSION = YES;
				CLANG_WARN_DIRECT_OBJC_ISA_USAGE = YES_ERROR;
				CLANG_WARN_DOCUMENTATION_COMMENTS = YES;
				CLANG_WARN_EMPTY_BODY = YES;
				CLANG_WARN_ENUM_CONVERSION = YES;
				CLANG_WARN_INFINITE_RECURSION = YES;
				CLANG_WARN_INT_CONVERSION = YES;
				CLANG_WARN_OBJC_ROOT_CLASS = YES_ERROR;
				CLANG_WARN_SUSPICIOUS_MOVE = YES;
				CLANG_WARN_UNREACHABLE_CODE = YES;
				CLANG_WARN__DUPLICATE_METHOD_MATCH = YES;
				"CODE_SIGN_IDENTITY[sdk=iphoneos*]" = "iPhone Developer";
				COPY_PHASE_STRIP = NO;
				DEBUG_INFORMATION_FORMAT = dwarf;
				ENABLE_STRICT_OBJC_MSGSEND = YES;
				ENABLE_TESTABILITY = YES;
				GCC_C_LANGUAGE_STANDARD = gnu99;
				GCC_DYNAMIC_NO_PIC = NO;
				GCC_NO_COMMON_BLOCKS = YES;
				GCC_OPTIMIZATION_LEVEL = 0;
				GCC_PREPROCESSOR_DEFINITIONS = (
					"DEBUG=1",
					"$(inherited)",
				);
				GCC_WARN_64_TO_32_BIT_CONVERSION = YES;
				GCC_WARN_ABOUT_RETURN_TYPE = YES_ERROR;
				GCC_WARN_UNDECLARED_SELECTOR = YES;
				GCC_WARN_UNINITIALIZED_AUTOS = YES_AGGRESSIVE;
				GCC_WARN_UNUSED_FUNCTION = YES;
				GCC_WARN_UNUSED_VARIABLE = YES;
				IPHONEOS_DEPLOYMENT_TARGET = 10.2;
				MTL_ENABLE_DEBUG_INFO = YES;
				ONLY_ACTIVE_ARCH = YES;
				SDKROOT = iphoneos;
				TARGETED_DEVICE_FAMILY = "1,2";
			};
			name = Debug;
		};
		584265FC1E3FBA19006E010E /* Release */ = {
			isa = XCBuildConfiguration;
			buildSettings = {
				ALWAYS_SEARCH_USER_PATHS = NO;
				CLANG_ANALYZER_NONNULL = YES;
				CLANG_CXX_LANGUAGE_STANDARD = "gnu++0x";
				CLANG_CXX_LIBRARY = "libc++";
				CLANG_ENABLE_MODULES = YES;
				CLANG_ENABLE_OBJC_ARC = YES;
				CLANG_WARN_BOOL_CONVERSION = YES;
				CLANG_WARN_CONSTANT_CONVERSION = YES;
				CLANG_WARN_DIRECT_OBJC_ISA_USAGE = YES_ERROR;
				CLANG_WARN_DOCUMENTATION_COMMENTS = YES;
				CLANG_WARN_EMPTY_BODY = YES;
				CLANG_WARN_ENUM_CONVERSION = YES;
				CLANG_WARN_INFINITE_RECURSION = YES;
				CLANG_WARN_INT_CONVERSION = YES;
				CLANG_WARN_OBJC_ROOT_CLASS = YES_ERROR;
				CLANG_WARN_SUSPICIOUS_MOVE = YES;
				CLANG_WARN_UNREACHABLE_CODE = YES;
				CLANG_WARN__DUPLICATE_METHOD_MATCH = YES;
				"CODE_SIGN_IDENTITY[sdk=iphoneos*]" = "iPhone Developer";
				COPY_PHASE_STRIP = NO;
				DEBUG_INFORMATION_FORMAT = "dwarf-with-dsym";
				ENABLE_NS_ASSERTIONS = NO;
				ENABLE_STRICT_OBJC_MSGSEND = YES;
				GCC_C_LANGUAGE_STANDARD = gnu99;
				GCC_NO_COMMON_BLOCKS = YES;
				GCC_WARN_64_TO_32_BIT_CONVERSION = YES;
				GCC_WARN_ABOUT_RETURN_TYPE = YES_ERROR;
				GCC_WARN_UNDECLARED_SELECTOR = YES;
				GCC_WARN_UNINITIALIZED_AUTOS = YES_AGGRESSIVE;
				GCC_WARN_UNUSED_FUNCTION = YES;
				GCC_WARN_UNUSED_VARIABLE = YES;
				IPHONEOS_DEPLOYMENT_TARGET = 10.2;
				MTL_ENABLE_DEBUG_INFO = NO;
				SDKROOT = iphoneos;
				TARGETED_DEVICE_FAMILY = "1,2";
				VALIDATE_PRODUCT = YES;
			};
			name = Release;
		};
		584265FE1E3FBA19006E010E /* Debug */ = {
			isa = XCBuildConfiguration;
			baseConfigurationReference = 8D9D6567529E93CC544377C8 /* Pods-Twitter.debug.xcconfig */;
			buildSettings = {
				ASSETCATALOG_COMPILER_APPICON_NAME = AppIcon;
				INFOPLIST_FILE = Twitter/Info.plist;
				LD_RUNPATH_SEARCH_PATHS = "$(inherited) @executable_path/Frameworks";
				PRODUCT_BUNDLE_IDENTIFIER = com.yahoo.Twitter;
				PRODUCT_NAME = "$(TARGET_NAME)";
			};
			name = Debug;
		};
		584265FF1E3FBA19006E010E /* Release */ = {
			isa = XCBuildConfiguration;
			baseConfigurationReference = E4C549B0871EEDC6403D6BD8 /* Pods-Twitter.release.xcconfig */;
			buildSettings = {
				ASSETCATALOG_COMPILER_APPICON_NAME = AppIcon;
				INFOPLIST_FILE = Twitter/Info.plist;
				LD_RUNPATH_SEARCH_PATHS = "$(inherited) @executable_path/Frameworks";
				PRODUCT_BUNDLE_IDENTIFIER = com.yahoo.Twitter;
				PRODUCT_NAME = "$(TARGET_NAME)";
			};
			name = Release;
		};
/* End XCBuildConfiguration section */

/* Begin XCConfigurationList section */
		584265E11E3FBA19006E010E /* Build configuration list for PBXProject "Twitter" */ = {
			isa = XCConfigurationList;
			buildConfigurations = (
				584265FB1E3FBA19006E010E /* Debug */,
				584265FC1E3FBA19006E010E /* Release */,
			);
			defaultConfigurationIsVisible = 0;
			defaultConfigurationName = Release;
		};
		584265FD1E3FBA19006E010E /* Build configuration list for PBXNativeTarget "Twitter" */ = {
			isa = XCConfigurationList;
			buildConfigurations = (
				584265FE1E3FBA19006E010E /* Debug */,
				584265FF1E3FBA19006E010E /* Release */,
			);
			defaultConfigurationIsVisible = 0;
			defaultConfigurationName = Release;
		};
/* End XCConfigurationList section */
	};
	rootObject = 584265DE1E3FBA19006E010E /* Project object */;
}
